{"1.2.0",
[{<<"cowlib">>,
  {git,"https://github.com/tanguilp/cowlib.git",
       {ref,"7b6cb301923586145514817f81c49c9f5740b286"}},
  1},
 {<<"http_cache">>,
  {git,"https://github.com/tanguilp/http_cache.git",
       {ref,"4d83b81b9828cb42bd6e3d78d23061b864be95bf"}},
  0},
 {<<"telemetry">>,{pkg,<<"telemetry">>,<<"1.1.0">>},0}]}.
[
{pkg_hash,[
 {<<"telemetry">>, <<"A589817034A27EAB11144AD24D5C0F9FAB1F58173274B1E9BAE7074AF9CBEE51">>}]},
{pkg_hash_ext,[
 {<<"telemetry">>, <<"B727B2A1F75614774CFF2D7565B64D0DFA5BD52BA517F16543E6FC7EFCC0DF48">>}]}
].
